Microsoft Visual Studio Solution File, Format Version 11.00
# Visual Studio 2008

Project("{CA9E55D1-D362-A43E-D68D-FD01CA54B041}") = "LootQuest", "Assembly-CSharp-vs.csproj", "{C1DBE80D-B0E3-ECE2-782F-78F98CA2FF3D}"
EndProject
Project("{CA9E55D1-D362-A43E-D68D-FD01CA54B041}") = "LootQuest", "Assembly-CSharp-Editor-vs.csproj", "{4BA21220-0A67-6291-872A-A4EC5DDFE929}"
EndProject
Global
	GlobalSection(SolutionConfigurationPlatforms) = preSolution
		Debug|Any CPU = Debug|Any CPU
		Release|Any CPU = Release|Any CPU
	EndGlobalSection
	GlobalSection(ProjectConfigurationPlatforms) = postSolution
		{C1DBE80D-B0E3-ECE2-782F-78F98CA2FF3D}.Debug|Any CPU.ActiveCfg = Debug|Any CPU
		{C1DBE80D-B0E3-ECE2-782F-78F98CA2FF3D}.Debug|Any CPU.Build.0 = Debug|Any CPU
		{C1DBE80D-B0E3-ECE2-782F-78F98CA2FF3D}.Release|Any CPU.ActiveCfg = Release|Any CPU
		{C1DBE80D-B0E3-ECE2-782F-78F98CA2FF3D}.Release|Any CPU.Build.0 = Release|Any CPU
		{4BA21220-0A67-6291-872A-A4EC5DDFE929}.Debug|Any CPU.ActiveCfg = Debug|Any CPU
		{4BA21220-0A67-6291-872A-A4EC5DDFE929}.Debug|Any CPU.Build.0 = Debug|Any CPU
		{4BA21220-0A67-6291-872A-A4EC5DDFE929}.Release|Any CPU.ActiveCfg = Release|Any CPU
		{4BA21220-0A67-6291-872A-A4EC5DDFE929}.Release|Any CPU.Build.0 = Release|Any CPU
	EndGlobalSection
	GlobalSection(SolutionProperties) = preSolution
		HideSolutionNode = FALSE
	EndGlobalSection
																																																																																																																																																																																																																																							GlobalSection(MonoDevelopProperties) = preSolution
		StartupItem = Assembly-CSharp.csproj
		Policies = $0
		$0.TextStylePolicy = $1
		$1.inheritsSet = null
		$1.scope = text/x-csharp
		$0.CSharpFormattingPolicy = $2
		$2.inheritsSet = Mono
		$2.inheritsScope = text/x-csharp
		$2.scope = text/x-csharp
		$0.TextStylePolicy = $3
		$3.FileWidth = 120
		$3.TabWidth = 4
		$3.IndentWidth = 4
		$3.EolMarker = Unix
		$3.inheritsSet = Mono
		$3.inheritsScope = text/plain
		$3.scope = text/plain
	EndGlobalSection

EndGlobal
